// !$*UTF8*$!
{
	archiveVersion = 1;
	classes = {
	};
	objectVersion = 46;
	objects = {

/* Begin PBXAggregateTarget section */
		7886B1EA9CC946A5B2FCE1F8 /* ALL_BUILD */ = {
			isa = PBXAggregateTarget;
			buildConfigurationList = 75336368F52F4FA19508CAA2 /* Build configuration list for PBXAggregateTarget "ALL_BUILD" */;
			buildPhases = (
				83889EBBC32B45509D5C46EA /* CMake Rules */,
			);
			dependencies = (
				28CCEFDFC3CD4E219833FAEC /* PBXTargetDependency */,
				516E9B41E4EC4FDC9CE31D82 /* PBXTargetDependency */,
			);
			name = ALL_BUILD;
			productName = ALL_BUILD;
		};
		D86561C9832C4DA8AFB23A12 /* ZERO_CHECK */ = {
			isa = PBXAggregateTarget;
			buildConfigurationList = 47F53D0F63EB4F558E663055 /* Build configuration list for PBXAggregateTarget "ZERO_CHECK" */;
			buildPhases = (
				732202E375134867B79546F8 /* CMake Rules */,
			);
			dependencies = (
			);
			name = ZERO_CHECK;
			productName = ZERO_CHECK;
		};
/* End PBXAggregateTarget section */

/* Begin PBXBuildFile section */
		461ABC4BFD0E4010B09B8D65 /* /Users/ryanhamby/Documents/InvertedYieldCurveTrader/InvertedYieldCurveTrader/InvertedYieldCurveTrader/InvertedYieldCurveTrader/src/CMakeLists.txt */ = {isa = PBXBuildFile; fileRef = A4D35A672A1B466BABB9D50B /* /Users/ryanhamby/Documents/InvertedYieldCurveTrader/InvertedYieldCurveTrader/InvertedYieldCurveTrader/InvertedYieldCurveTrader/src/CMakeLists.txt */; };
		7A4AD7222768463FB27C1554 /* /Users/ryanhamby/Documents/InvertedYieldCurveTrader/InvertedYieldCurveTrader/InvertedYieldCurveTrader/InvertedYieldCurveTrader/src/main.cpp */ = {isa = PBXBuildFile; fileRef = 2199EF25D4F543FF86EE4BD7 /* /Users/ryanhamby/Documents/InvertedYieldCurveTrader/InvertedYieldCurveTrader/InvertedYieldCurveTrader/InvertedYieldCurveTrader/src/main.cpp */; };
/* End PBXBuildFile section */

/* Begin PBXBuildStyle section */
		1A7A56533FCA404F9DB27621 /* Release */ = {
			isa = PBXBuildStyle;
			buildSettings = {
				COPY_PHASE_STRIP = NO;
			};
			name = Release;
		};
		29DB053F324E420CAFAC1A2A /* MinSizeRel */ = {
			isa = PBXBuildStyle;
			buildSettings = {
				COPY_PHASE_STRIP = NO;
			};
			name = MinSizeRel;
		};
		361ED837039E42A783F594F2 /* RelWithDebInfo */ = {
			isa = PBXBuildStyle;
			buildSettings = {
				COPY_PHASE_STRIP = NO;
			};
			name = RelWithDebInfo;
		};
		C61D9F9E45DC4853B79186B7 /* Debug */ = {
			isa = PBXBuildStyle;
			buildSettings = {
				COPY_PHASE_STRIP = NO;
			};
			name = Debug;
		};
/* End PBXBuildStyle section */

/* Begin PBXContainerItemProxy section */
		16F46EF582024F3B8E34A3C0 /* PBXContainerItemProxy */ = {
			isa = PBXContainerItemProxy;
			containerPortal = F66B3B0CA7F14B87B223FA23 /* Project object */;
			proxyType = 1;
			remoteGlobalIDString = D86561C9832C4DA8AFB23A12;
			remoteInfo = ZERO_CHECK;
		};
		A749007757D7493DAF22AD41 /* PBXContainerItemProxy */ = {
			isa = PBXContainerItemProxy;
			containerPortal = F66B3B0CA7F14B87B223FA23 /* Project object */;
			proxyType = 1;
			remoteGlobalIDString = CA73C13BC594408B904D0DE6;
			remoteInfo = main;
		};
		CD05944B0D9F4EF08F51423C /* PBXContainerItemProxy */ = {
			isa = PBXContainerItemProxy;
			containerPortal = F66B3B0CA7F14B87B223FA23 /* Project object */;
			proxyType = 1;
			remoteGlobalIDString = D86561C9832C4DA8AFB23A12;
			remoteInfo = ZERO_CHECK;
		};
/* End PBXContainerItemProxy section */

/* Begin PBXFileReference section */
		0D4906AD63BA4E9AB0663EBC /* /Users/ryanhamby/Documents/InvertedYieldCurveTrader/InvertedYieldCurveTrader/InvertedYieldCurveTrader/InvertedYieldCurveTrader/src/CMakeLists.txt */ = {isa = PBXFileReference; explicitFileType = sourcecode.text; fileEncoding = 4; name = CMakeLists.txt; path = CMakeLists.txt; sourceTree = SOURCE_ROOT; };
		2199EF25D4F543FF86EE4BD7 /* /Users/ryanhamby/Documents/InvertedYieldCurveTrader/InvertedYieldCurveTrader/InvertedYieldCurveTrader/InvertedYieldCurveTrader/src/main.cpp */ = {isa = PBXFileReference; explicitFileType = sourcecode.cpp.cpp; fileEncoding = 4; name = main.cpp; path = main.cpp; sourceTree = SOURCE_ROOT; };
		A4D35A672A1B466BABB9D50B /* /Users/ryanhamby/Documents/InvertedYieldCurveTrader/InvertedYieldCurveTrader/InvertedYieldCurveTrader/InvertedYieldCurveTrader/src/CMakeLists.txt */ = {isa = PBXFileReference; explicitFileType = sourcecode.text; fileEncoding = 4; name = CMakeLists.txt; path = CMakeLists.txt; sourceTree = SOURCE_ROOT; };
		B6D0AFEE342448719ED5C7D9 /* main */ = {isa = PBXFileReference; explicitFileType = "compiled.mach-o.executable"; path = main; sourceTree = BUILT_PRODUCTS_DIR; };
/* End PBXFileReference section */

/* Begin PBXGroup section */
		25C52B43A15A4B5E90A67855 = {
			isa = PBXGroup;
			children = (
				CB395AD7F4FB4DF888EA1497 /* main */,
				2A77C763CA23407FA2DC8863 /* ALL_BUILD */,
				CE12736FAD8A4F51ADB3DD75 /* Products */,
			);
			sourceTree = "<group>";
		};
		2A77C763CA23407FA2DC8863 /* ALL_BUILD */ = {
			isa = PBXGroup;
			children = (
				E5B79690EF254111AB71B2EF /* CMake Rules */,
				0D4906AD63BA4E9AB0663EBC /* /Users/ryanhamby/Documents/InvertedYieldCurveTrader/InvertedYieldCurveTrader/InvertedYieldCurveTrader/InvertedYieldCurveTrader/src/CMakeLists.txt */,
			);
			name = ALL_BUILD;
			sourceTree = "<group>";
		};
		5DF44CCB11464D10A74723C4 /* Source Files */ = {
			isa = PBXGroup;
			children = (
				2199EF25D4F543FF86EE4BD7 /* /Users/ryanhamby/Documents/InvertedYieldCurveTrader/InvertedYieldCurveTrader/InvertedYieldCurveTrader/InvertedYieldCurveTrader/src/main.cpp */,
			);
			name = "Source Files";
			sourceTree = "<group>";
		};
		CB395AD7F4FB4DF888EA1497 /* main */ = {
			isa = PBXGroup;
			children = (
				5DF44CCB11464D10A74723C4 /* Source Files */,
				A4D35A672A1B466BABB9D50B /* /Users/ryanhamby/Documents/InvertedYieldCurveTrader/InvertedYieldCurveTrader/InvertedYieldCurveTrader/InvertedYieldCurveTrader/src/CMakeLists.txt */,
			);
			name = main;
			sourceTree = "<group>";
		};
		CE12736FAD8A4F51ADB3DD75 /* Products */ = {
			isa = PBXGroup;
			children = (
				B6D0AFEE342448719ED5C7D9 /* main */,
			);
			name = Products;
			sourceTree = "<group>";
		};
		E5B79690EF254111AB71B2EF /* CMake Rules */ = {
			isa = PBXGroup;
			children = (
			);
			name = "CMake Rules";
			sourceTree = "<group>";
		};
/* End PBXGroup section */

/* Begin PBXNativeTarget section */
		CA73C13BC594408B904D0DE6 /* main */ = {
			isa = PBXNativeTarget;
			buildConfigurationList = 0A72310B704A4767A5A48737 /* Build configuration list for PBXNativeTarget "main" */;
			buildPhases = (
				F75B0DED7C1E4886960FBAD2 /* Sources */,
			);
			buildRules = (
			);
			dependencies = (
				D892170167BA495DBBD36F28 /* PBXTargetDependency */,
			);
			name = main;
			productName = main;
			productReference = B6D0AFEE342448719ED5C7D9 /* main */;
			productType = "com.apple.product-type.tool";
		};
/* End PBXNativeTarget section */

/* Begin PBXProject section */
		F66B3B0CA7F14B87B223FA23 /* Project object */ = {
			isa = PBXProject;
			attributes = {
				BuildIndependentTargetsInParallel = YES;
				LastUpgradeCheck = 1410;
			};
			buildConfigurationList = FDD6AC3327A1444AA8A6FE93 /* Build configuration list for PBXProject "main" */;
			buildSettings = {
			};
			buildStyles = (
				C61D9F9E45DC4853B79186B7 /* Debug */,
				1A7A56533FCA404F9DB27621 /* Release */,
				29DB053F324E420CAFAC1A2A /* MinSizeRel */,
				361ED837039E42A783F594F2 /* RelWithDebInfo */,
			);
			compatibilityVersion = "Xcode 3.2";
			hasScannedForEncodings = 0;
			mainGroup = 25C52B43A15A4B5E90A67855;
			projectDirPath = ../;
			projectRoot = "";
			targets = (
				7886B1EA9CC946A5B2FCE1F8 /* ALL_BUILD */,
				D86561C9832C4DA8AFB23A12 /* ZERO_CHECK */,
				CA73C13BC594408B904D0DE6 /* main */,
			);
		};
/* End PBXProject section */

/* Begin PBXShellScriptBuildPhase section */
		732202E375134867B79546F8 /* CMake Rules */ = {
			isa = PBXShellScriptBuildPhase;
			buildActionMask = 2147483647;
			files = (
			);
			name = "CMake Rules";
			runOnlyForDeploymentPostprocessing = 0;
			shellPath = /bin/sh;
			shellScript = "make -C /Users/ryanhamby/Documents/InvertedYieldCurveTrader/InvertedYieldCurveTrader/InvertedYieldCurveTrader/InvertedYieldCurveTrader/src/build-xcode -f /Users/ryanhamby/Documents/InvertedYieldCurveTrader/InvertedYieldCurveTrader/InvertedYieldCurveTrader/InvertedYieldCurveTrader/src/build-xcode/CMakeScripts/ZERO_CHECK_cmakeRulesBuildPhase.make$CONFIGURATION OBJDIR=$(basename \"$OBJECT_FILE_DIR_normal\") all";
			showEnvVarsInLog = 0;
		};
		83889EBBC32B45509D5C46EA /* CMake Rules */ = {
			isa = PBXShellScriptBuildPhase;
			buildActionMask = 2147483647;
			files = (
			);
			name = "CMake Rules";
			runOnlyForDeploymentPostprocessing = 0;
			shellPath = /bin/sh;
			shellScript = "make -C /Users/ryanhamby/Documents/InvertedYieldCurveTrader/InvertedYieldCurveTrader/InvertedYieldCurveTrader/InvertedYieldCurveTrader/src/build-xcode -f /Users/ryanhamby/Documents/InvertedYieldCurveTrader/InvertedYieldCurveTrader/InvertedYieldCurveTrader/InvertedYieldCurveTrader/src/build-xcode/CMakeScripts/ALL_BUILD_cmakeRulesBuildPhase.make$CONFIGURATION OBJDIR=$(basename \"$OBJECT_FILE_DIR_normal\") all";
			showEnvVarsInLog = 0;
		};
		B82C158A8D66403598A079DE = {
			isa = PBXShellScriptBuildPhase;
			buildActionMask = 2147483647;
			files = (
			);
			inputPaths = (
			);
			outputPaths = (
			);
			runOnlyForDeploymentPostprocessing = 0;
			shellPath = /bin/sh;
			shellScript = "# shell script goes here
exit 0";
			showEnvVarsInLog = 0;
		};
		C89E42F175624343BD85BBA0 = {
			isa = PBXShellScriptBuildPhase;
			buildActionMask = 2147483647;
			files = (
			);
			inputPaths = (
			);
			outputPaths = (
			);
			runOnlyForDeploymentPostprocessing = 0;
			shellPath = /bin/sh;
			shellScript = "# shell script goes here
exit 0";
			showEnvVarsInLog = 0;
		};
/* End PBXShellScriptBuildPhase section */

/* Begin PBXSourcesBuildPhase section */
		F75B0DED7C1E4886960FBAD2 /* Sources */ = {
			isa = PBXSourcesBuildPhase;
			buildActionMask = 2147483647;
			files = (
				7A4AD7222768463FB27C1554 /* /Users/ryanhamby/Documents/InvertedYieldCurveTrader/InvertedYieldCurveTrader/InvertedYieldCurveTrader/InvertedYieldCurveTrader/src/main.cpp */,
			);
			runOnlyForDeploymentPostprocessing = 0;
		};
/* End PBXSourcesBuildPhase section */

/* Begin PBXTargetDependency section */
		28CCEFDFC3CD4E219833FAEC /* PBXTargetDependency */ = {
			isa = PBXTargetDependency;
			target = CA73C13BC594408B904D0DE6 /* main */;
			targetProxy = A749007757D7493DAF22AD41 /* PBXContainerItemProxy */;
		};
		516E9B41E4EC4FDC9CE31D82 /* PBXTargetDependency */ = {
			isa = PBXTargetDependency;
			target = D86561C9832C4DA8AFB23A12 /* ZERO_CHECK */;
			targetProxy = CD05944B0D9F4EF08F51423C /* PBXContainerItemProxy */;
		};
		D892170167BA495DBBD36F28 /* PBXTargetDependency */ = {
			isa = PBXTargetDependency;
			target = D86561C9832C4DA8AFB23A12 /* ZERO_CHECK */;
			targetProxy = 16F46EF582024F3B8E34A3C0 /* PBXContainerItemProxy */;
		};
/* End PBXTargetDependency section */

/* Begin XCBuildConfiguration section */
		04CAB5616C2D43CF865A1E20 /* Debug */ = {
			isa = XCBuildConfiguration;
			buildSettings = {
				COMBINE_HIDPI_IMAGES = YES;
				EXECUTABLE_PREFIX = "";
				EXECUTABLE_SUFFIX = "";
				GCC_GENERATE_DEBUGGING_SYMBOLS = NO;
				GCC_INLINES_ARE_PRIVATE_EXTERN = NO;
				GCC_OPTIMIZATION_LEVEL = 0;
				GCC_PREPROCESSOR_DEFINITIONS = ("'CMAKE_INTDIR=\"$(CONFIGURATION)$(EFFECTIVE_PLATFORM_NAME)\"'","'AWS_SDK_VERSION_MAJOR=1'","'AWS_SDK_VERSION_MINOR=11'","'AWS_SDK_VERSION_PATCH=163'","'USE_IMPORT_EXPORT=1'",AWS_CRT_CPP_USE_IMPORT_EXPORT,AWS_HTTP_USE_IMPORT_EXPORT,AWS_IO_USE_IMPORT_EXPORT,AWS_USE_KQUEUE,AWS_COMMON_USE_IMPORT_EXPORT,AWS_CAL_USE_IMPORT_EXPORT,AWS_COMPRESSION_USE_IMPORT_EXPORT,AWS_MQTT_USE_IMPORT_EXPORT,AWS_AUTH_USE_IMPORT_EXPORT,AWS_SDKUTILS_USE_IMPORT_EXPORT,AWS_CHECKSUMS_USE_IMPORT_EXPORT,AWS_EVENT_STREAM_USE_IMPORT_EXPORT,AWS_S3_USE_IMPORT_EXPORT);
				GCC_SYMBOLS_PRIVATE_EXTERN = NO;
				INSTALL_PATH = "";
				LD_RUNPATH_SEARCH_PATHS = "/Users/ryanhamby/Desktop/aws-sdk-cpp-install/lib";
				LIBRARY_SEARCH_PATHS = "";
				OTHER_CPLUSPLUSFLAGS = "  ";
				OTHER_LDFLAGS = " -Wl,-search_paths_first -Wl,-headerpad_max_install_names  /Users/ryanhamby/Desktop/aws-sdk-cpp-install/lib/libaws-cpp-sdk-athena.dylib /Users/ryanhamby/Desktop/aws-sdk-cpp-install/lib/libaws-cpp-sdk-core.dylib /Users/ryanhamby/Desktop/aws-sdk-cpp-install/lib/libaws-crt-cpp.dylib /Users/ryanhamby/Desktop/aws-sdk-cpp-install/lib/libaws-c-mqtt.1.0.0.dylib /Users/ryanhamby/Desktop/aws-sdk-cpp-install/lib/libaws-c-event-stream.1.0.0.dylib /Users/ryanhamby/Desktop/aws-sdk-cpp-install/lib/libaws-c-s3.1.0.0.dylib /Users/ryanhamby/Desktop/aws-sdk-cpp-install/lib/libaws-c-auth.1.0.0.dylib /Users/ryanhamby/Desktop/aws-sdk-cpp-install/lib/libaws-c-http.1.0.0.dylib /Users/ryanhamby/Desktop/aws-sdk-cpp-install/lib/libaws-c-io.1.0.0.dylib /Users/ryanhamby/Desktop/aws-sdk-cpp-install/lib/libaws-c-compression.1.0.0.dylib /Users/ryanhamby/Desktop/aws-sdk-cpp-install/lib/libaws-c-cal.1.0.0.dylib -framework Security /Users/ryanhamby/Desktop/aws-sdk-cpp-install/lib/libaws-c-sdkutils.1.0.0.dylib /Users/ryanhamby/Desktop/aws-sdk-cpp-install/lib/libaws-checksums.1.0.0.dylib /Users/ryanhamby/Desktop/aws-sdk-cpp-install/lib/libaws-c-common.1.0.0.dylib -lpthread -ldl  -framework CoreFoundation";
				OTHER_REZFLAGS = "";
				PRODUCT_NAME = main;
				SECTORDER_FLAGS = "";
				SYMROOT = "/Users/ryanhamby/Documents/InvertedYieldCurveTrader/InvertedYieldCurveTrader/InvertedYieldCurveTrader/InvertedYieldCurveTrader/src/build-xcode";
				SYSTEM_HEADER_SEARCH_PATHS = ("/Users/ryanhamby/Desktop/aws-sdk-cpp-install/include");
				USE_HEADERMAP = NO;
				WARNING_CFLAGS = ("-Wmost","-Wno-four-char-constants","-Wno-unknown-pragmas","$(inherited)");
			};
			name = Debug;
		};
		3213E5F83BCC42F388054515 /* Debug */ = {
			isa = XCBuildConfiguration;
			buildSettings = {
				COMBINE_HIDPI_IMAGES = YES;
				GCC_GENERATE_DEBUGGING_SYMBOLS = YES;
				GCC_INLINES_ARE_PRIVATE_EXTERN = NO;
				GCC_OPTIMIZATION_LEVEL = 0;
				GCC_PREPROCESSOR_DEFINITIONS = ("'CMAKE_INTDIR=\"$(CONFIGURATION)$(EFFECTIVE_PLATFORM_NAME)\"'");
				GCC_SYMBOLS_PRIVATE_EXTERN = NO;
				INSTALL_PATH = "";
				OTHER_LDFLAGS = " ";
				OTHER_REZFLAGS = "";
				PRODUCT_NAME = ZERO_CHECK;
				SECTORDER_FLAGS = "";
				SYMROOT = "/Users/ryanhamby/Documents/InvertedYieldCurveTrader/InvertedYieldCurveTrader/InvertedYieldCurveTrader/InvertedYieldCurveTrader/src/build-xcode";
				USE_HEADERMAP = NO;
				WARNING_CFLAGS = ("-Wmost","-Wno-four-char-constants","-Wno-unknown-pragmas","$(inherited)");
			};
			name = Debug;
		};
		3FE0E79E4FB64E4D81A387C6 /* MinSizeRel */ = {
			isa = XCBuildConfiguration;
			buildSettings = {
				COMBINE_HIDPI_IMAGES = YES;
				GCC_GENERATE_DEBUGGING_SYMBOLS = YES;
				GCC_INLINES_ARE_PRIVATE_EXTERN = NO;
				GCC_OPTIMIZATION_LEVEL = 0;
				GCC_PREPROCESSOR_DEFINITIONS = ("'CMAKE_INTDIR=\"$(CONFIGURATION)$(EFFECTIVE_PLATFORM_NAME)\"'");
				GCC_SYMBOLS_PRIVATE_EXTERN = NO;
				INSTALL_PATH = "";
				OTHER_LDFLAGS = " ";
				OTHER_REZFLAGS = "";
				PRODUCT_NAME = ALL_BUILD;
				SECTORDER_FLAGS = "";
				SYMROOT = "/Users/ryanhamby/Documents/InvertedYieldCurveTrader/InvertedYieldCurveTrader/InvertedYieldCurveTrader/InvertedYieldCurveTrader/src/build-xcode";
				USE_HEADERMAP = NO;
				WARNING_CFLAGS = ("-Wmost","-Wno-four-char-constants","-Wno-unknown-pragmas","$(inherited)");
			};
			name = MinSizeRel;
		};
		54F849D7983F4014A156F9CE /* RelWithDebInfo */ = {
			isa = XCBuildConfiguration;
			buildSettings = {
				COMBINE_HIDPI_IMAGES = YES;
				GCC_GENERATE_DEBUGGING_SYMBOLS = YES;
				GCC_INLINES_ARE_PRIVATE_EXTERN = NO;
				GCC_OPTIMIZATION_LEVEL = 0;
				GCC_PREPROCESSOR_DEFINITIONS = ("'CMAKE_INTDIR=\"$(CONFIGURATION)$(EFFECTIVE_PLATFORM_NAME)\"'");
				GCC_SYMBOLS_PRIVATE_EXTERN = NO;
				INSTALL_PATH = "";
				OTHER_LDFLAGS = " ";
				OTHER_REZFLAGS = "";
				PRODUCT_NAME = ALL_BUILD;
				SECTORDER_FLAGS = "";
				SYMROOT = "/Users/ryanhamby/Documents/InvertedYieldCurveTrader/InvertedYieldCurveTrader/InvertedYieldCurveTrader/InvertedYieldCurveTrader/src/build-xcode";
				USE_HEADERMAP = NO;
				WARNING_CFLAGS = ("-Wmost","-Wno-four-char-constants","-Wno-unknown-pragmas","$(inherited)");
			};
			name = RelWithDebInfo;
		};
		639B9F85EBDC4DB1A6183D2F /* RelWithDebInfo */ = {
			isa = XCBuildConfiguration;
			buildSettings = {
				COMBINE_HIDPI_IMAGES = YES;
				GCC_GENERATE_DEBUGGING_SYMBOLS = YES;
				GCC_INLINES_ARE_PRIVATE_EXTERN = NO;
				GCC_OPTIMIZATION_LEVEL = 0;
				GCC_PREPROCESSOR_DEFINITIONS = ("'CMAKE_INTDIR=\"$(CONFIGURATION)$(EFFECTIVE_PLATFORM_NAME)\"'");
				GCC_SYMBOLS_PRIVATE_EXTERN = NO;
				INSTALL_PATH = "";
				OTHER_LDFLAGS = " ";
				OTHER_REZFLAGS = "";
				PRODUCT_NAME = ZERO_CHECK;
				SECTORDER_FLAGS = "";
				SYMROOT = "/Users/ryanhamby/Documents/InvertedYieldCurveTrader/InvertedYieldCurveTrader/InvertedYieldCurveTrader/InvertedYieldCurveTrader/src/build-xcode";
				USE_HEADERMAP = NO;
				WARNING_CFLAGS = ("-Wmost","-Wno-four-char-constants","-Wno-unknown-pragmas","$(inherited)");
			};
			name = RelWithDebInfo;
		};
		66BBBD22D9184BC192EE82F7 /* Debug */ = {
			isa = XCBuildConfiguration;
			buildSettings = {
				ONLY_ACTIVE_ARCH = YES;
				SDKROOT = /Applications/Xcode.app/Contents/Developer/Platforms/MacOSX.platform/Developer/SDKs/MacOSX13.0.sdk;
				SYMROOT = "/Users/ryanhamby/Documents/InvertedYieldCurveTrader/InvertedYieldCurveTrader/InvertedYieldCurveTrader/InvertedYieldCurveTrader/src/build-xcode/build";
			};
			name = Debug;
		};
		79501AD3444A426CB35E3C13 /* MinSizeRel */ = {
			isa = XCBuildConfiguration;
			buildSettings = {
				ONLY_ACTIVE_ARCH = YES;
				SDKROOT = /Applications/Xcode.app/Contents/Developer/Platforms/MacOSX.platform/Developer/SDKs/MacOSX13.0.sdk;
				SYMROOT = "/Users/ryanhamby/Documents/InvertedYieldCurveTrader/InvertedYieldCurveTrader/InvertedYieldCurveTrader/InvertedYieldCurveTrader/src/build-xcode/build";
			};
			name = MinSizeRel;
		};
		7CF47794FEA24A0283877EF9 /* RelWithDebInfo */ = {
			isa = XCBuildConfiguration;
			buildSettings = {
				ONLY_ACTIVE_ARCH = YES;
				SDKROOT = /Applications/Xcode.app/Contents/Developer/Platforms/MacOSX.platform/Developer/SDKs/MacOSX13.0.sdk;
				SYMROOT = "/Users/ryanhamby/Documents/InvertedYieldCurveTrader/InvertedYieldCurveTrader/InvertedYieldCurveTrader/InvertedYieldCurveTrader/src/build-xcode/build";
			};
			name = RelWithDebInfo;
		};
		81290D68A24C4C1A9CC93E72 /* RelWithDebInfo */ = {
			isa = XCBuildConfiguration;
			buildSettings = {
				COMBINE_HIDPI_IMAGES = YES;
				EXECUTABLE_PREFIX = "";
				EXECUTABLE_SUFFIX = "";
				GCC_GENERATE_DEBUGGING_SYMBOLS = NO;
				GCC_INLINES_ARE_PRIVATE_EXTERN = NO;
				GCC_OPTIMIZATION_LEVEL = 0;
				GCC_PREPROCESSOR_DEFINITIONS = ("'CMAKE_INTDIR=\"$(CONFIGURATION)$(EFFECTIVE_PLATFORM_NAME)\"'","'AWS_SDK_VERSION_MAJOR=1'","'AWS_SDK_VERSION_MINOR=11'","'AWS_SDK_VERSION_PATCH=163'","'USE_IMPORT_EXPORT=1'",AWS_CRT_CPP_USE_IMPORT_EXPORT,AWS_HTTP_USE_IMPORT_EXPORT,AWS_IO_USE_IMPORT_EXPORT,AWS_USE_KQUEUE,AWS_COMMON_USE_IMPORT_EXPORT,AWS_CAL_USE_IMPORT_EXPORT,AWS_COMPRESSION_USE_IMPORT_EXPORT,AWS_MQTT_USE_IMPORT_EXPORT,AWS_AUTH_USE_IMPORT_EXPORT,AWS_SDKUTILS_USE_IMPORT_EXPORT,AWS_CHECKSUMS_USE_IMPORT_EXPORT,AWS_EVENT_STREAM_USE_IMPORT_EXPORT,AWS_S3_USE_IMPORT_EXPORT);
				GCC_SYMBOLS_PRIVATE_EXTERN = NO;
				INSTALL_PATH = "";
				LD_RUNPATH_SEARCH_PATHS = "/Users/ryanhamby/Desktop/aws-sdk-cpp-install/lib";
				LIBRARY_SEARCH_PATHS = "";
				OTHER_CPLUSPLUSFLAGS = "  ";
				OTHER_LDFLAGS = " -Wl,-search_paths_first -Wl,-headerpad_max_install_names  /Users/ryanhamby/Desktop/aws-sdk-cpp-install/lib/libaws-cpp-sdk-athena.dylib /Users/ryanhamby/Desktop/aws-sdk-cpp-install/lib/libaws-cpp-sdk-core.dylib /Users/ryanhamby/Desktop/aws-sdk-cpp-install/lib/libaws-crt-cpp.dylib /Users/ryanhamby/Desktop/aws-sdk-cpp-install/lib/libaws-c-mqtt.1.0.0.dylib /Users/ryanhamby/Desktop/aws-sdk-cpp-install/lib/libaws-c-event-stream.1.0.0.dylib /Users/ryanhamby/Desktop/aws-sdk-cpp-install/lib/libaws-c-s3.1.0.0.dylib /Users/ryanhamby/Desktop/aws-sdk-cpp-install/lib/libaws-c-auth.1.0.0.dylib /Users/ryanhamby/Desktop/aws-sdk-cpp-install/lib/libaws-c-http.1.0.0.dylib /Users/ryanhamby/Desktop/aws-sdk-cpp-install/lib/libaws-c-io.1.0.0.dylib /Users/ryanhamby/Desktop/aws-sdk-cpp-install/lib/libaws-c-compression.1.0.0.dylib /Users/ryanhamby/Desktop/aws-sdk-cpp-install/lib/libaws-c-cal.1.0.0.dylib -framework Security /Users/ryanhamby/Desktop/aws-sdk-cpp-install/lib/libaws-c-sdkutils.1.0.0.dylib /Users/ryanhamby/Desktop/aws-sdk-cpp-install/lib/libaws-checksums.1.0.0.dylib /Users/ryanhamby/Desktop/aws-sdk-cpp-install/lib/libaws-c-common.1.0.0.dylib -lpthread -ldl  -framework CoreFoundation";
				OTHER_REZFLAGS = "";
				PRODUCT_NAME = main;
				SECTORDER_FLAGS = "";
				SYMROOT = "/Users/ryanhamby/Documents/InvertedYieldCurveTrader/InvertedYieldCurveTrader/InvertedYieldCurveTrader/InvertedYieldCurveTrader/src/build-xcode";
				SYSTEM_HEADER_SEARCH_PATHS = ("/Users/ryanhamby/Desktop/aws-sdk-cpp-install/include");
				USE_HEADERMAP = NO;
				WARNING_CFLAGS = ("-Wmost","-Wno-four-char-constants","-Wno-unknown-pragmas","$(inherited)");
			};
			name = RelWithDebInfo;
		};
		8465FC8CFF8A42F990121590 /* Release */ = {
			isa = XCBuildConfiguration;
			buildSettings = {
				COMBINE_HIDPI_IMAGES = YES;
				GCC_GENERATE_DEBUGGING_SYMBOLS = YES;
				GCC_INLINES_ARE_PRIVATE_EXTERN = NO;
				GCC_OPTIMIZATION_LEVEL = 0;
				GCC_PREPROCESSOR_DEFINITIONS = ("'CMAKE_INTDIR=\"$(CONFIGURATION)$(EFFECTIVE_PLATFORM_NAME)\"'");
				GCC_SYMBOLS_PRIVATE_EXTERN = NO;
				INSTALL_PATH = "";
				OTHER_LDFLAGS = " ";
				OTHER_REZFLAGS = "";
				PRODUCT_NAME = ALL_BUILD;
				SECTORDER_FLAGS = "";
				SYMROOT = "/Users/ryanhamby/Documents/InvertedYieldCurveTrader/InvertedYieldCurveTrader/InvertedYieldCurveTrader/InvertedYieldCurveTrader/src/build-xcode";
				USE_HEADERMAP = NO;
				WARNING_CFLAGS = ("-Wmost","-Wno-four-char-constants","-Wno-unknown-pragmas","$(inherited)");
			};
			name = Release;
		};
		A0E889AE354F40B487A5C307 /* MinSizeRel */ = {
			isa = XCBuildConfiguration;
			buildSettings = {
				COMBINE_HIDPI_IMAGES = YES;
				EXECUTABLE_PREFIX = "";
				EXECUTABLE_SUFFIX = "";
				GCC_GENERATE_DEBUGGING_SYMBOLS = NO;
				GCC_INLINES_ARE_PRIVATE_EXTERN = NO;
				GCC_OPTIMIZATION_LEVEL = 0;
				GCC_PREPROCESSOR_DEFINITIONS = ("'CMAKE_INTDIR=\"$(CONFIGURATION)$(EFFECTIVE_PLATFORM_NAME)\"'","'AWS_SDK_VERSION_MAJOR=1'","'AWS_SDK_VERSION_MINOR=11'","'AWS_SDK_VERSION_PATCH=163'","'USE_IMPORT_EXPORT=1'",AWS_CRT_CPP_USE_IMPORT_EXPORT,AWS_HTTP_USE_IMPORT_EXPORT,AWS_IO_USE_IMPORT_EXPORT,AWS_USE_KQUEUE,AWS_COMMON_USE_IMPORT_EXPORT,AWS_CAL_USE_IMPORT_EXPORT,AWS_COMPRESSION_USE_IMPORT_EXPORT,AWS_MQTT_USE_IMPORT_EXPORT,AWS_AUTH_USE_IMPORT_EXPORT,AWS_SDKUTILS_USE_IMPORT_EXPORT,AWS_CHECKSUMS_USE_IMPORT_EXPORT,AWS_EVENT_STREAM_USE_IMPORT_EXPORT,AWS_S3_USE_IMPORT_EXPORT);
				GCC_SYMBOLS_PRIVATE_EXTERN = NO;
				INSTALL_PATH = "";
				LD_RUNPATH_SEARCH_PATHS = "/Users/ryanhamby/Desktop/aws-sdk-cpp-install/lib";
				LIBRARY_SEARCH_PATHS = "";
				OTHER_CPLUSPLUSFLAGS = "  ";
				OTHER_LDFLAGS = " -Wl,-search_paths_first -Wl,-headerpad_max_install_names  /Users/ryanhamby/Desktop/aws-sdk-cpp-install/lib/libaws-cpp-sdk-athena.dylib /Users/ryanhamby/Desktop/aws-sdk-cpp-install/lib/libaws-cpp-sdk-core.dylib /Users/ryanhamby/Desktop/aws-sdk-cpp-install/lib/libaws-crt-cpp.dylib /Users/ryanhamby/Desktop/aws-sdk-cpp-install/lib/libaws-c-mqtt.1.0.0.dylib /Users/ryanhamby/Desktop/aws-sdk-cpp-install/lib/libaws-c-event-stream.1.0.0.dylib /Users/ryanhamby/Desktop/aws-sdk-cpp-install/lib/libaws-c-s3.1.0.0.dylib /Users/ryanhamby/Desktop/aws-sdk-cpp-install/lib/libaws-c-auth.1.0.0.dylib /Users/ryanhamby/Desktop/aws-sdk-cpp-install/lib/libaws-c-http.1.0.0.dylib /Users/ryanhamby/Desktop/aws-sdk-cpp-install/lib/libaws-c-io.1.0.0.dylib /Users/ryanhamby/Desktop/aws-sdk-cpp-install/lib/libaws-c-compression.1.0.0.dylib /Users/ryanhamby/Desktop/aws-sdk-cpp-install/lib/libaws-c-cal.1.0.0.dylib -framework Security /Users/ryanhamby/Desktop/aws-sdk-cpp-install/lib/libaws-c-sdkutils.1.0.0.dylib /Users/ryanhamby/Desktop/aws-sdk-cpp-install/lib/libaws-checksums.1.0.0.dylib /Users/ryanhamby/Desktop/aws-sdk-cpp-install/lib/libaws-c-common.1.0.0.dylib -lpthread -ldl  -framework CoreFoundation";
				OTHER_REZFLAGS = "";
				PRODUCT_NAME = main;
				SECTORDER_FLAGS = "";
				SYMROOT = "/Users/ryanhamby/Documents/InvertedYieldCurveTrader/InvertedYieldCurveTrader/InvertedYieldCurveTrader/InvertedYieldCurveTrader/src/build-xcode";
				SYSTEM_HEADER_SEARCH_PATHS = ("/Users/ryanhamby/Desktop/aws-sdk-cpp-install/include");
				USE_HEADERMAP = NO;
				WARNING_CFLAGS = ("-Wmost","-Wno-four-char-constants","-Wno-unknown-pragmas","$(inherited)");
			};
			name = MinSizeRel;
		};
		B1BA753BB3F447948430C7A1 /* Release */ = {
			isa = XCBuildConfiguration;
			buildSettings = {
				COMBINE_HIDPI_IMAGES = YES;
				GCC_GENERATE_DEBUGGING_SYMBOLS = YES;
				GCC_INLINES_ARE_PRIVATE_EXTERN = NO;
				GCC_OPTIMIZATION_LEVEL = 0;
				GCC_PREPROCESSOR_DEFINITIONS = ("'CMAKE_INTDIR=\"$(CONFIGURATION)$(EFFECTIVE_PLATFORM_NAME)\"'");
				GCC_SYMBOLS_PRIVATE_EXTERN = NO;
				INSTALL_PATH = "";
				OTHER_LDFLAGS = " ";
				OTHER_REZFLAGS = "";
				PRODUCT_NAME = ZERO_CHECK;
				SECTORDER_FLAGS = "";
				SYMROOT = "/Users/ryanhamby/Documents/InvertedYieldCurveTrader/InvertedYieldCurveTrader/InvertedYieldCurveTrader/InvertedYieldCurveTrader/src/build-xcode";
				USE_HEADERMAP = NO;
				WARNING_CFLAGS = ("-Wmost","-Wno-four-char-constants","-Wno-unknown-pragmas","$(inherited)");
			};
			name = Release;
		};
		DA50B917E5E54816849A7FCA /* MinSizeRel */ = {
			isa = XCBuildConfiguration;
			buildSettings = {
				COMBINE_HIDPI_IMAGES = YES;
				GCC_GENERATE_DEBUGGING_SYMBOLS = YES;
				GCC_INLINES_ARE_PRIVATE_EXTERN = NO;
				GCC_OPTIMIZATION_LEVEL = 0;
				GCC_PREPROCESSOR_DEFINITIONS = ("'CMAKE_INTDIR=\"$(CONFIGURATION)$(EFFECTIVE_PLATFORM_NAME)\"'");
				GCC_SYMBOLS_PRIVATE_EXTERN = NO;
				INSTALL_PATH = "";
				OTHER_LDFLAGS = " ";
				OTHER_REZFLAGS = "";
				PRODUCT_NAME = ZERO_CHECK;
				SECTORDER_FLAGS = "";
				SYMROOT = "/Users/ryanhamby/Documents/InvertedYieldCurveTrader/InvertedYieldCurveTrader/InvertedYieldCurveTrader/InvertedYieldCurveTrader/src/build-xcode";
				USE_HEADERMAP = NO;
				WARNING_CFLAGS = ("-Wmost","-Wno-four-char-constants","-Wno-unknown-pragmas","$(inherited)");
			};
			name = MinSizeRel;
		};
		DC15638FE12044D2ABBA1512 /* Release */ = {
			isa = XCBuildConfiguration;
			buildSettings = {
				ONLY_ACTIVE_ARCH = YES;
				SDKROOT = /Applications/Xcode.app/Contents/Developer/Platforms/MacOSX.platform/Developer/SDKs/MacOSX13.0.sdk;
				SYMROOT = "/Users/ryanhamby/Documents/InvertedYieldCurveTrader/InvertedYieldCurveTrader/InvertedYieldCurveTrader/InvertedYieldCurveTrader/src/build-xcode/build";
			};
			name = Release;
		};
		F949135EBAD14A7685455A2C /* Debug */ = {
			isa = XCBuildConfiguration;
			buildSettings = {
				COMBINE_HIDPI_IMAGES = YES;
				GCC_GENERATE_DEBUGGING_SYMBOLS = YES;
				GCC_INLINES_ARE_PRIVATE_EXTERN = NO;
				GCC_OPTIMIZATION_LEVEL = 0;
				GCC_PREPROCESSOR_DEFINITIONS = ("'CMAKE_INTDIR=\"$(CONFIGURATION)$(EFFECTIVE_PLATFORM_NAME)\"'");
				GCC_SYMBOLS_PRIVATE_EXTERN = NO;
				INSTALL_PATH = "";
				OTHER_LDFLAGS = " ";
				OTHER_REZFLAGS = "";
				PRODUCT_NAME = ALL_BUILD;
				SECTORDER_FLAGS = "";
				SYMROOT = "/Users/ryanhamby/Documents/InvertedYieldCurveTrader/InvertedYieldCurveTrader/InvertedYieldCurveTrader/InvertedYieldCurveTrader/src/build-xcode";
				USE_HEADERMAP = NO;
				WARNING_CFLAGS = ("-Wmost","-Wno-four-char-constants","-Wno-unknown-pragmas","$(inherited)");
			};
			name = Debug;
		};
		FC956FCA9D154A9AA2E18F0E /* Release */ = {
			isa = XCBuildConfiguration;
			buildSettings = {
				COMBINE_HIDPI_IMAGES = YES;
				EXECUTABLE_PREFIX = "";
				EXECUTABLE_SUFFIX = "";
				GCC_GENERATE_DEBUGGING_SYMBOLS = NO;
				GCC_INLINES_ARE_PRIVATE_EXTERN = NO;
				GCC_OPTIMIZATION_LEVEL = 0;
				GCC_PREPROCESSOR_DEFINITIONS = ("'CMAKE_INTDIR=\"$(CONFIGURATION)$(EFFECTIVE_PLATFORM_NAME)\"'","'AWS_SDK_VERSION_MAJOR=1'","'AWS_SDK_VERSION_MINOR=11'","'AWS_SDK_VERSION_PATCH=163'","'USE_IMPORT_EXPORT=1'",AWS_CRT_CPP_USE_IMPORT_EXPORT,AWS_HTTP_USE_IMPORT_EXPORT,AWS_IO_USE_IMPORT_EXPORT,AWS_USE_KQUEUE,AWS_COMMON_USE_IMPORT_EXPORT,AWS_CAL_USE_IMPORT_EXPORT,AWS_COMPRESSION_USE_IMPORT_EXPORT,AWS_MQTT_USE_IMPORT_EXPORT,AWS_AUTH_USE_IMPORT_EXPORT,AWS_SDKUTILS_USE_IMPORT_EXPORT,AWS_CHECKSUMS_USE_IMPORT_EXPORT,AWS_EVENT_STREAM_USE_IMPORT_EXPORT,AWS_S3_USE_IMPORT_EXPORT);
				GCC_SYMBOLS_PRIVATE_EXTERN = NO;
				INSTALL_PATH = "";
				LD_RUNPATH_SEARCH_PATHS = "/Users/ryanhamby/Desktop/aws-sdk-cpp-install/lib";
				LIBRARY_SEARCH_PATHS = "";
				OTHER_CPLUSPLUSFLAGS = "  ";
				OTHER_LDFLAGS = " -Wl,-search_paths_first -Wl,-headerpad_max_install_names  /Users/ryanhamby/Desktop/aws-sdk-cpp-install/lib/libaws-cpp-sdk-athena.dylib /Users/ryanhamby/Desktop/aws-sdk-cpp-install/lib/libaws-cpp-sdk-core.dylib /Users/ryanhamby/Desktop/aws-sdk-cpp-install/lib/libaws-crt-cpp.dylib /Users/ryanhamby/Desktop/aws-sdk-cpp-install/lib/libaws-c-mqtt.1.0.0.dylib /Users/ryanhamby/Desktop/aws-sdk-cpp-install/lib/libaws-c-event-stream.1.0.0.dylib /Users/ryanhamby/Desktop/aws-sdk-cpp-install/lib/libaws-c-s3.1.0.0.dylib /Users/ryanhamby/Desktop/aws-sdk-cpp-install/lib/libaws-c-auth.1.0.0.dylib /Users/ryanhamby/Desktop/aws-sdk-cpp-install/lib/libaws-c-http.1.0.0.dylib /Users/ryanhamby/Desktop/aws-sdk-cpp-install/lib/libaws-c-io.1.0.0.dylib /Users/ryanhamby/Desktop/aws-sdk-cpp-install/lib/libaws-c-compression.1.0.0.dylib /Users/ryanhamby/Desktop/aws-sdk-cpp-install/lib/libaws-c-cal.1.0.0.dylib -framework Security /Users/ryanhamby/Desktop/aws-sdk-cpp-install/lib/libaws-c-sdkutils.1.0.0.dylib /Users/ryanhamby/Desktop/aws-sdk-cpp-install/lib/libaws-checksums.1.0.0.dylib /Users/ryanhamby/Desktop/aws-sdk-cpp-install/lib/libaws-c-common.1.0.0.dylib -lpthread -ldl  -framework CoreFoundation";
				OTHER_REZFLAGS = "";
				PRODUCT_NAME = main;
				SECTORDER_FLAGS = "";
				SYMROOT = "/Users/ryanhamby/Documents/InvertedYieldCurveTrader/InvertedYieldCurveTrader/InvertedYieldCurveTrader/InvertedYieldCurveTrader/src/build-xcode";
				SYSTEM_HEADER_SEARCH_PATHS = ("/Users/ryanhamby/Desktop/aws-sdk-cpp-install/include");
				USE_HEADERMAP = NO;
				WARNING_CFLAGS = ("-Wmost","-Wno-four-char-constants","-Wno-unknown-pragmas","$(inherited)");
			};
			name = Release;
		};
/* End XCBuildConfiguration section */

/* Begin XCConfigurationList section */
		0A72310B704A4767A5A48737 /* Build configuration list for PBXNativeTarget "main" */ = {
			isa = XCConfigurationList;
			buildConfigurations = (
				04CAB5616C2D43CF865A1E20 /* Debug */,
				FC956FCA9D154A9AA2E18F0E /* Release */,
				A0E889AE354F40B487A5C307 /* MinSizeRel */,
				81290D68A24C4C1A9CC93E72 /* RelWithDebInfo */,
			);
			defaultConfigurationIsVisible = 0;
			defaultConfigurationName = Debug;
		};
		47F53D0F63EB4F558E663055 /* Build configuration list for PBXAggregateTarget "ZERO_CHECK" */ = {
			isa = XCConfigurationList;
			buildConfigurations = (
				3213E5F83BCC42F388054515 /* Debug */,
				B1BA753BB3F447948430C7A1 /* Release */,
				DA50B917E5E54816849A7FCA /* MinSizeRel */,
				639B9F85EBDC4DB1A6183D2F /* RelWithDebInfo */,
			);
			defaultConfigurationIsVisible = 0;
			defaultConfigurationName = Debug;
		};
		75336368F52F4FA19508CAA2 /* Build configuration list for PBXAggregateTarget "ALL_BUILD" */ = {
			isa = XCConfigurationList;
			buildConfigurations = (
				F949135EBAD14A7685455A2C /* Debug */,
				8465FC8CFF8A42F990121590 /* Release */,
				3FE0E79E4FB64E4D81A387C6 /* MinSizeRel */,
				54F849D7983F4014A156F9CE /* RelWithDebInfo */,
			);
			defaultConfigurationIsVisible = 0;
			defaultConfigurationName = Debug;
		};
		FDD6AC3327A1444AA8A6FE93 /* Build configuration list for PBXProject "main" */ = {
			isa = XCConfigurationList;
			buildConfigurations = (
				66BBBD22D9184BC192EE82F7 /* Debug */,
				DC15638FE12044D2ABBA1512 /* Release */,
				79501AD3444A426CB35E3C13 /* MinSizeRel */,
				7CF47794FEA24A0283877EF9 /* RelWithDebInfo */,
			);
			defaultConfigurationIsVisible = 0;
			defaultConfigurationName = Debug;
		};
/* End XCConfigurationList section */
	};
	rootObject = F66B3B0CA7F14B87B223FA23 /* Project object */;
}
